{
  "originHash" : "256a69d7a551a222fef45c76bb2c2630cd365f37b85d834aca874aed84a05979",
  "pins" : [
    {
      "identity" : "keychainaccess",
      "kind" : "remoteSourceControl",
      "location" : "https://github.com/kishikawakatsumi/KeychainAccess.git",
      "state" : {
        "branch" : "master",
        "revision" : "e0c7eebc5a4465a3c4680764f26b7a61f567cdaf"
      }
    },
    {
      "identity" : "swiftclouddrive",
      "kind" : "remoteSourceControl",
      "location" : "https://github.com/drewmccormack/SwiftCloudDrive",
      "state" : {
        "revision" : "4f2f38724d6a8724f727c1bc10d9cddd17fbb9e8",
        "version" : "1.4.4"
      }
    }
  ],
  "version" : 3
}
