// !$*UTF8*$!
{
	archiveVersion = 1;
	classes = {
	};
	objectVersion = 77;
	objects = {

/* Begin PBXBuildFile section */
		45B636652F1BBB81000CA11F /* KeychainAccess in Frameworks */ = {isa = PBXBuildFile; productRef = 45B636642F1BBB81000CA11F /* KeychainAccess */; };
		45CB4A2D2F1A92D2004CD2DF /* SwiftCloudDrive in Frameworks */ = {isa = PBXBuildFile; productRef = 45CB4A2C2F1A92D2004CD2DF /* SwiftCloudDrive */; };
/* End PBXBuildFile section */

/* Begin PBXContainerItemProxy section */
		CB84AFE42F1A707F001CD6E1 /* PBXContainerItemProxy */ = {
			isa = PBXContainerItemProxy;
			containerPortal = CB84AFCC2F1A707D001CD6E1 /* Project object */;
			proxyType = 1;
			remoteGlobalIDString = CB84AFD32F1A707D001CD6E1;
			remoteInfo = Acta;
		};
		CB84AFEE2F1A707F001CD6E1 /* PBXContainerItemProxy */ = {
			isa = PBXContainerItemProxy;
			containerPortal = CB84AFCC2F1A707D001CD6E1 /* Project object */;
			proxyType = 1;
			remoteGlobalIDString = CB84AFD32F1A707D001CD6E1;
			remoteInfo = Acta;
		};
/* End PBXContainerItemProxy section */

/* Begin PBXFileReference section */
		CB84AFD42F1A707D001CD6E1 /* Acta.app */ = {isa = PBXFileReference; explicitFileType = wrapper.application; includeInIndex = 0; path = Acta.app; sourceTree = BUILT_PRODUCTS_DIR; };
		CB84AFE32F1A707F001CD6E1 /* ActaTests.xctest */ = {isa = PBXFileReference; explicitFileType = wrapper.cfbundle; includeInIndex = 0; path = ActaTests.xctest; sourceTree = BUILT_PRODUCTS_DIR; };
		CB84AFED2F1A707F001CD6E1 /* ActaUITests.xctest */ = {isa = PBXFileReference; explicitFileType = wrapper.cfbundle; includeInIndex = 0; path = ActaUITests.xctest; sourceTree = BUILT_PRODUCTS_DIR; };
/* End PBXFileReference section */

/* Begin PBXFileSystemSynchronizedBuildFileExceptionSet section */
		45CB4A382F1AA09F004CD2DF /* Exceptions for "Acta" folder in "Acta" target */ = {
			isa = PBXFileSystemSynchronizedBuildFileExceptionSet;
			membershipExceptions = (
				Info.plist,
			);
			target = CB84AFD32F1A707D001CD6E1 /* Acta */;
		};
/* End PBXFileSystemSynchronizedBuildFileExceptionSet section */

/* Begin PBXFileSystemSynchronizedRootGroup section */
		CB84AFD62F1A707D001CD6E1 /* Acta */ = {
			isa = PBXFileSystemSynchronizedRootGroup;
			exceptions = (
				45CB4A382F1AA09F004CD2DF /* Exceptions for "Acta" folder in "Acta" target */,
			);
			path = Acta;
			sourceTree = "<group>";
		};
		CB84AFE62F1A707F001CD6E1 /* ActaTests */ = {
			isa = PBXFileSystemSynchronizedRootGroup;
			path = ActaTests;
			sourceTree = "<group>";
		};
		CB84AFF02F1A707F001CD6E1 /* ActaUITests */ = {
			isa = PBXFileSystemSynchronizedRootGroup;
			path = ActaUITests;
			sourceTree = "<group>";
		};
/* End PBXFileSystemSynchronizedRootGroup section */

/* Begin PBXFrameworksBuildPhase section */
		CB84AFD12F1A707D001CD6E1 /* Frameworks */ = {
			isa = PBXFrameworksBuildPhase;
			buildActionMask = 2147483647;
			files = (
				45B636652F1BBB81000CA11F /* KeychainAccess in Frameworks */,
				45CB4A2D2F1A92D2004CD2DF /* SwiftCloudDrive in Frameworks */,
			);
			runOnlyForDeploymentPostprocessing = 0;
		};
		CB84AFE02F1A707F001CD6E1 /* Frameworks */ = {
			isa = PBXFrameworksBuildPhase;
			buildActionMask = 2147483647;
			files = (
			);
			runOnlyForDeploymentPostprocessing = 0;
		};
		CB84AFEA2F1A707F001CD6E1 /* Frameworks */ = {
			isa = PBXFrameworksBuildPhase;
			buildActionMask = 2147483647;
			files = (
			);
			runOnlyForDeploymentPostprocessing = 0;
		};
/* End PBXFrameworksBuildPhase section */

/* Begin PBXGroup section */
		CB84AFCB2F1A707D001CD6E1 = {
			isa = PBXGroup;
			children = (
				CB84AFD62F1A707D001CD6E1 /* Acta */,
				CB84AFE62F1A707F001CD6E1 /* ActaTests */,
				CB84AFF02F1A707F001CD6E1 /* ActaUITests */,
				CB84AFD52F1A707D001CD6E1 /* Products */,
			);
			sourceTree = "<group>";
		};
		CB84AFD52F1A707D001CD6E1 /* Products */ = {
			isa = PBXGroup;
			children = (
				CB84AFD42F1A707D001CD6E1 /* Acta.app */,
				CB84AFE32F1A707F001CD6E1 /* ActaTests.xctest */,
				CB84AFED2F1A707F001CD6E1 /* ActaUITests.xctest */,
			);
			name = Products;
			sourceTree = "<group>";
		};
/* End PBXGroup section */

/* Begin PBXNativeTarget section */
		CB84AFD32F1A707D001CD6E1 /* Acta */ = {
			isa = PBXNativeTarget;
			buildConfigurationList = CB84AFF72F1A707F001CD6E1 /* Build configuration list for PBXNativeTarget "Acta" */;
			buildPhases = (
				CB84AFD02F1A707D001CD6E1 /* Sources */,
				CB84AFD12F1A707D001CD6E1 /* Frameworks */,
				CB84AFD22F1A707D001CD6E1 /* Resources */,
			);
			buildRules = (
			);
			dependencies = (
			);
			fileSystemSynchronizedGroups = (
				CB84AFD62F1A707D001CD6E1 /* Acta */,
			);
			name = Acta;
			packageProductDependencies = (
				45CB4A2C2F1A92D2004CD2DF /* SwiftCloudDrive */,
				45B636642F1BBB81000CA11F /* KeychainAccess */,
			);
			productName = Acta;
			productReference = CB84AFD42F1A707D001CD6E1 /* Acta.app */;
			productType = "com.apple.product-type.application";
		};
		CB84AFE22F1A707F001CD6E1 /* ActaTests */ = {
			isa = PBXNativeTarget;
			buildConfigurationList = CB84AFFA2F1A707F001CD6E1 /* Build configuration list for PBXNativeTarget "ActaTests" */;
			buildPhases = (
				CB84AFDF2F1A707F001CD6E1 /* Sources */,
				CB84AFE02F1A707F001CD6E1 /* Frameworks */,
				CB84AFE12F1A707F001CD6E1 /* Resources */,
			);
			buildRules = (
			);
			dependencies = (
				CB84AFE52F1A707F001CD6E1 /* PBXTargetDependency */,
			);
			fileSystemSynchronizedGroups = (
				CB84AFE62F1A707F001CD6E1 /* ActaTests */,
			);
			name = ActaTests;
			packageProductDependencies = (
			);
			productName = ActaTests;
			productReference = CB84AFE32F1A707F001CD6E1 /* ActaTests.xctest */;
			productType = "com.apple.product-type.bundle.unit-test";
		};
		CB84AFEC2F1A707F001CD6E1 /* ActaUITests */ = {
			isa = PBXNativeTarget;
			buildConfigurationList = CB84AFFD2F1A707F001CD6E1 /* Build configuration list for PBXNativeTarget "ActaUITests" */;
			buildPhases = (
				CB84AFE92F1A707F001CD6E1 /* Sources */,
				CB84AFEA2F1A707F001CD6E1 /* Frameworks */,
				CB84AFEB2F1A707F001CD6E1 /* Resources */,
			);
			buildRules = (
			);
			dependencies = (
				CB84AFEF2F1A707F001CD6E1 /* PBXTargetDependency */,
			);
			fileSystemSynchronizedGroups = (
				CB84AFF02F1A707F001CD6E1 /* ActaUITests */,
			);
			name = ActaUITests;
			packageProductDependencies = (
			);
			productName = ActaUITests;
			productReference = CB84AFED2F1A707F001CD6E1 /* ActaUITests.xctest */;
			productType = "com.apple.product-type.bundle.ui-testing";
		};
/* End PBXNativeTarget section */

/* Begin PBXProject section */
		CB84AFCC2F1A707D001CD6E1 /* Project object */ = {
			isa = PBXProject;
			attributes = {
				BuildIndependentTargetsInParallel = 1;
				LastSwiftUpdateCheck = 2600;
				LastUpgradeCheck = 2600;
				TargetAttributes = {
					CB84AFD32F1A707D001CD6E1 = {
						CreatedOnToolsVersion = 26.0.1;
					};
					CB84AFE22F1A707F001CD6E1 = {
						CreatedOnToolsVersion = 26.0.1;
						TestTargetID = CB84AFD32F1A707D001CD6E1;
					};
					CB84AFEC2F1A707F001CD6E1 = {
						CreatedOnToolsVersion = 26.0.1;
						TestTargetID = CB84AFD32F1A707D001CD6E1;
					};
				};
			};
			buildConfigurationList = CB84AFCF2F1A707D001CD6E1 /* Build configuration list for PBXProject "Acta" */;
			developmentRegion = en;
			hasScannedForEncodings = 0;
			knownRegions = (
				en,
				Base,
			);
			mainGroup = CB84AFCB2F1A707D001CD6E1;
			minimizedProjectReferenceProxies = 1;
			packageReferences = (
				45CB4A2B2F1A92D2004CD2DF /* XCRemoteSwiftPackageReference "SwiftCloudDrive" */,
				45B636632F1BBB81000CA11F /* XCRemoteSwiftPackageReference "KeychainAccess" */,
			);
			preferredProjectObjectVersion = 77;
			productRefGroup = CB84AFD52F1A707D001CD6E1 /* Products */;
			projectDirPath = "";
			projectRoot = "";
			targets = (
				CB84AFD32F1A707D001CD6E1 /* Acta */,
				CB84AFE22F1A707F001CD6E1 /* ActaTests */,
				CB84AFEC2F1A707F001CD6E1 /* ActaUITests */,
			);
		};
/* End PBXProject section */

/* Begin PBXResourcesBuildPhase section */
		CB84AFD22F1A707D001CD6E1 /* Resources */ = {
			isa = PBXResourcesBuildPhase;
			buildActionMask = 2147483647;
			files = (
			);
			runOnlyForDeploymentPostprocessing = 0;
		};
		CB84AFE12F1A707F001CD6E1 /* Resources */ = {
			isa = PBXResourcesBuildPhase;
			buildActionMask = 2147483647;
			files = (
			);
			runOnlyForDeploymentPostprocessing = 0;
		};
		CB84AFEB2F1A707F001CD6E1 /* Resources */ = {
			isa = PBXResourcesBuildPhase;
			buildActionMask = 2147483647;
			files = (
			);
			runOnlyForDeploymentPostprocessing = 0;
		};
/* End PBXResourcesBuildPhase section */

/* Begin PBXSourcesBuildPhase section */
		CB84AFD02F1A707D001CD6E1 /* Sources */ = {
			isa = PBXSourcesBuildPhase;
			buildActionMask = 2147483647;
			files = (
			);
			runOnlyForDeploymentPostprocessing = 0;
		};
		CB84AFDF2F1A707F001CD6E1 /* Sources */ = {
			isa = PBXSourcesBuildPhase;
			buildActionMask = 2147483647;
			files = (
			);
			runOnlyForDeploymentPostprocessing = 0;
		};
		CB84AFE92F1A707F001CD6E1 /* Sources */ = {
			isa = PBXSourcesBuildPhase;
			buildActionMask = 2147483647;
			files = (
			);
			runOnlyForDeploymentPostprocessing = 0;
		};
/* End PBXSourcesBuildPhase section */

/* Begin PBXTargetDependency section */
		CB84AFE52F1A707F001CD6E1 /* PBXTargetDependency */ = {
			isa = PBXTargetDependency;
			target = CB84AFD32F1A707D001CD6E1 /* Acta */;
			targetProxy = CB84AFE42F1A707F001CD6E1 /* PBXContainerItemProxy */;
		};
		CB84AFEF2F1A707F001CD6E1 /* PBXTargetDependency */ = {
			isa = PBXTargetDependency;
			target = CB84AFD32F1A707D001CD6E1 /* Acta */;
			targetProxy = CB84AFEE2F1A707F001CD6E1 /* PBXContainerItemProxy */;
		};
/* End PBXTargetDependency section */

/* Begin XCBuildConfiguration section */
		CB84AFF52F1A707F001CD6E1 /* Debug */ = {
			isa = XCBuildConfiguration;
			buildSettings = {
				ALWAYS_SEARCH_USER_PATHS = NO;
				ASSETCATALOG_COMPILER_GENERATE_SWIFT_ASSET_SYMBOL_EXTENSIONS = YES;
				CLANG_ANALYZER_NONNULL = YES;
				CLANG_ANALYZER_NUMBER_OBJECT_CONVERSION = YES_AGGRESSIVE;
				CLANG_CXX_LANGUAGE_STANDARD = "gnu++20";
				CLANG_ENABLE_MODULES = YES;
				CLANG_ENABLE_OBJC_ARC = YES;
				CLANG_ENABLE_OBJC_WEAK = YES;
				CLANG_WARN_BLOCK_CAPTURE_AUTORELEASING = YES;
				CLANG_WARN_BOOL_CONVERSION = YES;
				CLANG_WARN_COMMA = YES;
				CLANG_WARN_CONSTANT_CONVERSION = YES;
				CLANG_WARN_DEPRECATED_OBJC_IMPLEMENTATIONS = YES;
				CLANG_WARN_DIRECT_OBJC_ISA_USAGE = YES_ERROR;
				CLANG_WARN_DOCUMENTATION_COMMENTS = YES;
				CLANG_WARN_EMPTY_BODY = YES;
				CLANG_WARN_ENUM_CONVERSION = YES;
				CLANG_WARN_INFINITE_RECURSION = YES;
				CLANG_WARN_INT_CONVERSION = YES;
				CLANG_WARN_NON_LITERAL_NULL_CONVERSION = YES;
				CLANG_WARN_OBJC_IMPLICIT_RETAIN_SELF = YES;
				CLANG_WARN_OBJC_LITERAL_CONVERSION = YES;
				CLANG_WARN_OBJC_ROOT_CLASS = YES_ERROR;
				CLANG_WARN_QUOTED_INCLUDE_IN_FRAMEWORK_HEADER = YES;
				CLANG_WARN_RANGE_LOOP_ANALYSIS = YES;
				CLANG_WARN_STRICT_PROTOTYPES = YES;
				CLANG_WARN_SUSPICIOUS_MOVE = YES;
				CLANG_WARN_UNGUARDED_AVAILABILITY = YES_AGGRESSIVE;
				CLANG_WARN_UNREACHABLE_CODE = YES;
				CLANG_WARN__DUPLICATE_METHOD_MATCH = YES;
				COPY_PHASE_STRIP = NO;
				DEBUG_INFORMATION_FORMAT = dwarf;
				DEVELOPMENT_TEAM = WR2SRBM777;
				ENABLE_STRICT_OBJC_MSGSEND = YES;
				ENABLE_TESTABILITY = YES;
				ENABLE_USER_SCRIPT_SANDBOXING = YES;
				GCC_C_LANGUAGE_STANDARD = gnu17;
				GCC_DYNAMIC_NO_PIC = NO;
				GCC_NO_COMMON_BLOCKS = YES;
				GCC_OPTIMIZATION_LEVEL = 0;
				GCC_PREPROCESSOR_DEFINITIONS = (
					"DEBUG=1",
					"$(inherited)",
				);
				GCC_WARN_64_TO_32_BIT_CONVERSION = YES;
				GCC_WARN_ABOUT_RETURN_TYPE = YES_ERROR;
				GCC_WARN_UNDECLARED_SELECTOR = YES;
				GCC_WARN_UNINITIALIZED_AUTOS = YES_AGGRESSIVE;
				GCC_WARN_UNUSED_FUNCTION = YES;
				GCC_WARN_UNUSED_VARIABLE = YES;
				LOCALIZATION_PREFERS_STRING_CATALOGS = YES;
				MACOSX_DEPLOYMENT_TARGET = 26.0;
				MTL_ENABLE_DEBUG_INFO = INCLUDE_SOURCE;
				MTL_FAST_MATH = YES;
				ONLY_ACTIVE_ARCH = YES;
				SDKROOT = macosx;
				SWIFT_ACTIVE_COMPILATION_CONDITIONS = "DEBUG $(inherited)";
				SWIFT_OPTIMIZATION_LEVEL = "-Onone";
			};
			name = Debug;
		};
		CB84AFF62F1A707F001CD6E1 /* Release */ = {
			isa = XCBuildConfiguration;
			buildSettings = {
				ALWAYS_SEARCH_USER_PATHS = NO;
				ASSETCATALOG_COMPILER_GENERATE_SWIFT_ASSET_SYMBOL_EXTENSIONS = YES;
				CLANG_ANALYZER_NONNULL = YES;
				CLANG_ANALYZER_NUMBER_OBJECT_CONVERSION = YES_AGGRESSIVE;
				CLANG_CXX_LANGUAGE_STANDARD = "gnu++20";
				CLANG_ENABLE_MODULES = YES;
				CLANG_ENABLE_OBJC_ARC = YES;
				CLANG_ENABLE_OBJC_WEAK = YES;
				CLANG_WARN_BLOCK_CAPTURE_AUTORELEASING = YES;
				CLANG_WARN_BOOL_CONVERSION = YES;
				CLANG_WARN_COMMA = YES;
				CLANG_WARN_CONSTANT_CONVERSION = YES;
				CLANG_WARN_DEPRECATED_OBJC_IMPLEMENTATIONS = YES;
				CLANG_WARN_DIRECT_OBJC_ISA_USAGE = YES_ERROR;
				CLANG_WARN_DOCUMENTATION_COMMENTS = YES;
				CLANG_WARN_EMPTY_BODY = YES;
				CLANG_WARN_ENUM_CONVERSION = YES;
				CLANG_WARN_INFINITE_RECURSION = YES;
				CLANG_WARN_INT_CONVERSION = YES;
				CLANG_WARN_NON_LITERAL_NULL_CONVERSION = YES;
				CLANG_WARN_OBJC_IMPLICIT_RETAIN_SELF = YES;
				CLANG_WARN_OBJC_LITERAL_CONVERSION = YES;
				CLANG_WARN_OBJC_ROOT_CLASS = YES_ERROR;
				CLANG_WARN_QUOTED_INCLUDE_IN_FRAMEWORK_HEADER = YES;
				CLANG_WARN_RANGE_LOOP_ANALYSIS = YES;
				CLANG_WARN_STRICT_PROTOTYPES = YES;
				CLANG_WARN_SUSPICIOUS_MOVE = YES;
				CLANG_WARN_UNGUARDED_AVAILABILITY = YES_AGGRESSIVE;
				CLANG_WARN_UNREACHABLE_CODE = YES;
				CLANG_WARN__DUPLICATE_METHOD_MATCH = YES;
				COPY_PHASE_STRIP = NO;
				DEBUG_INFORMATION_FORMAT = "dwarf-with-dsym";
				DEVELOPMENT_TEAM = WR2SRBM777;
				ENABLE_NS_ASSERTIONS = NO;
				ENABLE_STRICT_OBJC_MSGSEND = YES;
				ENABLE_USER_SCRIPT_SANDBOXING = YES;
				GCC_C_LANGUAGE_STANDARD = gnu17;
				GCC_NO_COMMON_BLOCKS = YES;
				GCC_WARN_64_TO_32_BIT_CONVERSION = YES;
				GCC_WARN_ABOUT_RETURN_TYPE = YES_ERROR;
				GCC_WARN_UNDECLARED_SELECTOR = YES;
				GCC_WARN_UNINITIALIZED_AUTOS = YES_AGGRESSIVE;
				GCC_WARN_UNUSED_FUNCTION = YES;
				GCC_WARN_UNUSED_VARIABLE = YES;
				LOCALIZATION_PREFERS_STRING_CATALOGS = YES;
				MACOSX_DEPLOYMENT_TARGET = 26.0;
				MTL_ENABLE_DEBUG_INFO = NO;
				MTL_FAST_MATH = YES;
				SDKROOT = macosx;
				SWIFT_COMPILATION_MODE = wholemodule;
			};
			name = Release;
		};
		CB84AFF82F1A707F001CD6E1 /* Debug */ = {
			isa = XCBuildConfiguration;
			buildSettings = {
				ASSETCATALOG_COMPILER_APPICON_NAME = AppIcon;
				ASSETCATALOG_COMPILER_GLOBAL_ACCENT_COLOR_NAME = AccentColor;
				CODE_SIGN_ENTITLEMENTS = Acta/Acta.entitlements;
				CODE_SIGN_STYLE = Automatic;
				COMBINE_HIDPI_IMAGES = YES;
				CURRENT_PROJECT_VERSION = 1;
				DEVELOPMENT_TEAM = WR2SRBM777;
				ENABLE_APP_SANDBOX = YES;
				ENABLE_HARDENED_RUNTIME = YES;
				ENABLE_INCOMING_NETWORK_CONNECTIONS = NO;
				ENABLE_OUTGOING_NETWORK_CONNECTIONS = YES;
				ENABLE_PREVIEWS = YES;
				ENABLE_RESOURCE_ACCESS_AUDIO_INPUT = NO;
				ENABLE_RESOURCE_ACCESS_BLUETOOTH = NO;
				ENABLE_RESOURCE_ACCESS_CALENDARS = NO;
				ENABLE_RESOURCE_ACCESS_CAMERA = NO;
				ENABLE_RESOURCE_ACCESS_CONTACTS = NO;
				ENABLE_RESOURCE_ACCESS_LOCATION = NO;
				ENABLE_RESOURCE_ACCESS_PRINTING = NO;
				ENABLE_RESOURCE_ACCESS_USB = NO;
				ENABLE_USER_SELECTED_FILES = readwrite;
				GENERATE_INFOPLIST_FILE = YES;
				INFOPLIST_FILE = Acta/Info.plist;
				INFOPLIST_KEY_NSHumanReadableCopyright = "";
				LD_RUNPATH_SEARCH_PATHS = (
					"$(inherited)",
					"@executable_path/../Frameworks",
				);
				MARKETING_VERSION = 1.0;
				PRODUCT_BUNDLE_IDENTIFIER = "xyz.no-comment.Acta";
				PRODUCT_NAME = "$(TARGET_NAME)";
				REGISTER_APP_GROUPS = YES;
				STRING_CATALOG_GENERATE_SYMBOLS = YES;
				SWIFT_APPROACHABLE_CONCURRENCY = YES;
				SWIFT_DEFAULT_ACTOR_ISOLATION = MainActor;
				SWIFT_EMIT_LOC_STRINGS = YES;
				SWIFT_UPCOMING_FEATURE_MEMBER_IMPORT_VISIBILITY = YES;
				SWIFT_VERSION = 5.0;
			};
			name = Debug;
		};
		CB84AFF92F1A707F001CD6E1 /* Release */ = {
			isa = XCBuildConfiguration;
			buildSettings = {
				ASSETCATALOG_COMPILER_APPICON_NAME = AppIcon;
				ASSETCATALOG_COMPILER_GLOBAL_ACCENT_COLOR_NAME = AccentColor;
				CODE_SIGN_ENTITLEMENTS = Acta/Acta.entitlements;
				CODE_SIGN_STYLE = Automatic;
				COMBINE_HIDPI_IMAGES = YES;
				CURRENT_PROJECT_VERSION = 1;
				DEVELOPMENT_TEAM = WR2SRBM777;
				ENABLE_APP_SANDBOX = YES;
				ENABLE_HARDENED_RUNTIME = YES;
				ENABLE_INCOMING_NETWORK_CONNECTIONS = NO;
				ENABLE_OUTGOING_NETWORK_CONNECTIONS = YES;
				ENABLE_PREVIEWS = YES;
				ENABLE_RESOURCE_ACCESS_AUDIO_INPUT = NO;
				ENABLE_RESOURCE_ACCESS_BLUETOOTH = NO;
				ENABLE_RESOURCE_ACCESS_CALENDARS = NO;
				ENABLE_RESOURCE_ACCESS_CAMERA = NO;
				ENABLE_RESOURCE_ACCESS_CONTACTS = NO;
				ENABLE_RESOURCE_ACCESS_LOCATION = NO;
				ENABLE_RESOURCE_ACCESS_PRINTING = NO;
				ENABLE_RESOURCE_ACCESS_USB = NO;
				ENABLE_USER_SELECTED_FILES = readwrite;
				GENERATE_INFOPLIST_FILE = YES;
				INFOPLIST_FILE = Acta/Info.plist;
				INFOPLIST_KEY_NSHumanReadableCopyright = "";
				LD_RUNPATH_SEARCH_PATHS = (
					"$(inherited)",
					"@executable_path/../Frameworks",
				);
				MARKETING_VERSION = 1.0;
				PRODUCT_BUNDLE_IDENTIFIER = "xyz.no-comment.Acta";
				PRODUCT_NAME = "$(TARGET_NAME)";
				REGISTER_APP_GROUPS = YES;
				STRING_CATALOG_GENERATE_SYMBOLS = YES;
				SWIFT_APPROACHABLE_CONCURRENCY = YES;
				SWIFT_DEFAULT_ACTOR_ISOLATION = MainActor;
				SWIFT_EMIT_LOC_STRINGS = YES;
				SWIFT_UPCOMING_FEATURE_MEMBER_IMPORT_VISIBILITY = YES;
				SWIFT_VERSION = 5.0;
			};
			name = Release;
		};
		CB84AFFB2F1A707F001CD6E1 /* Debug */ = {
			isa = XCBuildConfiguration;
			buildSettings = {
				BUNDLE_LOADER = "$(TEST_HOST)";
				CODE_SIGN_STYLE = Automatic;
				CURRENT_PROJECT_VERSION = 1;
				DEVELOPMENT_TEAM = WR2SRBM777;
				GENERATE_INFOPLIST_FILE = YES;
				MACOSX_DEPLOYMENT_TARGET = 26.0;
				MARKETING_VERSION = 1.0;
				PRODUCT_BUNDLE_IDENTIFIER = "xyz.no-comment.ActaTests";
				PRODUCT_NAME = "$(TARGET_NAME)";
				STRING_CATALOG_GENERATE_SYMBOLS = NO;
				SWIFT_APPROACHABLE_CONCURRENCY = YES;
				SWIFT_EMIT_LOC_STRINGS = NO;
				SWIFT_UPCOMING_FEATURE_MEMBER_IMPORT_VISIBILITY = YES;
				SWIFT_VERSION = 5.0;
				TEST_HOST = "$(BUILT_PRODUCTS_DIR)/Acta.app/$(BUNDLE_EXECUTABLE_FOLDER_PATH)/Acta";
			};
			name = Debug;
		};
		CB84AFFC2F1A707F001CD6E1 /* Release */ = {
			isa = XCBuildConfiguration;
			buildSettings = {
				BUNDLE_LOADER = "$(TEST_HOST)";
				CODE_SIGN_STYLE = Automatic;
				CURRENT_PROJECT_VERSION = 1;
				DEVELOPMENT_TEAM = WR2SRBM777;
				GENERATE_INFOPLIST_FILE = YES;
				MACOSX_DEPLOYMENT_TARGET = 26.0;
				MARKETING_VERSION = 1.0;
				PRODUCT_BUNDLE_IDENTIFIER = "xyz.no-comment.ActaTests";
				PRODUCT_NAME = "$(TARGET_NAME)";
				STRING_CATALOG_GENERATE_SYMBOLS = NO;
				SWIFT_APPROACHABLE_CONCURRENCY = YES;
				SWIFT_EMIT_LOC_STRINGS = NO;
				SWIFT_UPCOMING_FEATURE_MEMBER_IMPORT_VISIBILITY = YES;
				SWIFT_VERSION = 5.0;
				TEST_HOST = "$(BUILT_PRODUCTS_DIR)/Acta.app/$(BUNDLE_EXECUTABLE_FOLDER_PATH)/Acta";
			};
			name = Release;
		};
		CB84AFFE2F1A707F001CD6E1 /* Debug */ = {
			isa = XCBuildConfiguration;
			buildSettings = {
				CODE_SIGN_STYLE = Automatic;
				CURRENT_PROJECT_VERSION = 1;
				DEVELOPMENT_TEAM = WR2SRBM777;
				GENERATE_INFOPLIST_FILE = YES;
				MARKETING_VERSION = 1.0;
				PRODUCT_BUNDLE_IDENTIFIER = "xyz.no-comment.ActaUITests";
				PRODUCT_NAME = "$(TARGET_NAME)";
				STRING_CATALOG_GENERATE_SYMBOLS = NO;
				SWIFT_APPROACHABLE_CONCURRENCY = YES;
				SWIFT_EMIT_LOC_STRINGS = NO;
				SWIFT_UPCOMING_FEATURE_MEMBER_IMPORT_VISIBILITY = YES;
				SWIFT_VERSION = 5.0;
				TEST_TARGET_NAME = Acta;
			};
			name = Debug;
		};
		CB84AFFF2F1A707F001CD6E1 /* Release */ = {
			isa = XCBuildConfiguration;
			buildSettings = {
				CODE_SIGN_STYLE = Automatic;
				CURRENT_PROJECT_VERSION = 1;
				DEVELOPMENT_TEAM = WR2SRBM777;
				GENERATE_INFOPLIST_FILE = YES;
				MARKETING_VERSION = 1.0;
				PRODUCT_BUNDLE_IDENTIFIER = "xyz.no-comment.ActaUITests";
				PRODUCT_NAME = "$(TARGET_NAME)";
				STRING_CATALOG_GENERATE_SYMBOLS = NO;
				SWIFT_APPROACHABLE_CONCURRENCY = YES;
				SWIFT_EMIT_LOC_STRINGS = NO;
				SWIFT_UPCOMING_FEATURE_MEMBER_IMPORT_VISIBILITY = YES;
				SWIFT_VERSION = 5.0;
				TEST_TARGET_NAME = Acta;
			};
			name = Release;
		};
/* End XCBuildConfiguration section */

/* Begin XCConfigurationList section */
		CB84AFCF2F1A707D001CD6E1 /* Build configuration list for PBXProject "Acta" */ = {
			isa = XCConfigurationList;
			buildConfigurations = (
				CB84AFF52F1A707F001CD6E1 /* Debug */,
				CB84AFF62F1A707F001CD6E1 /* Release */,
			);
			defaultConfigurationIsVisible = 0;
			defaultConfigurationName = Release;
		};
		CB84AFF72F1A707F001CD6E1 /* Build configuration list for PBXNativeTarget "Acta" */ = {
			isa = XCConfigurationList;
			buildConfigurations = (
				CB84AFF82F1A707F001CD6E1 /* Debug */,
				CB84AFF92F1A707F001CD6E1 /* Release */,
			);
			defaultConfigurationIsVisible = 0;
			defaultConfigurationName = Release;
		};
		CB84AFFA2F1A707F001CD6E1 /* Build configuration list for PBXNativeTarget "ActaTests" */ = {
			isa = XCConfigurationList;
			buildConfigurations = (
				CB84AFFB2F1A707F001CD6E1 /* Debug */,
				CB84AFFC2F1A707F001CD6E1 /* Release */,
			);
			defaultConfigurationIsVisible = 0;
			defaultConfigurationName = Release;
		};
		CB84AFFD2F1A707F001CD6E1 /* Build configuration list for PBXNativeTarget "ActaUITests" */ = {
			isa = XCConfigurationList;
			buildConfigurations = (
				CB84AFFE2F1A707F001CD6E1 /* Debug */,
				CB84AFFF2F1A707F001CD6E1 /* Release */,
			);
			defaultConfigurationIsVisible = 0;
			defaultConfigurationName = Release;
		};
/* End XCConfigurationList section */

/* Begin XCRemoteSwiftPackageReference section */
		45B636632F1BBB81000CA11F /* XCRemoteSwiftPackageReference "KeychainAccess" */ = {
			isa = XCRemoteSwiftPackageReference;
			repositoryURL = "https://github.com/kishikawakatsumi/KeychainAccess.git";
			requirement = {
				branch = master;
				kind = branch;
			};
		};
		45CB4A2B2F1A92D2004CD2DF /* XCRemoteSwiftPackageReference "SwiftCloudDrive" */ = {
			isa = XCRemoteSwiftPackageReference;
			repositoryURL = "https://github.com/drewmccormack/SwiftCloudDrive";
			requirement = {
				kind = upToNextMajorVersion;
				minimumVersion = 1.4.4;
			};
		};
/* End XCRemoteSwiftPackageReference section */

/* Begin XCSwiftPackageProductDependency section */
		45B636642F1BBB81000CA11F /* KeychainAccess */ = {
			isa = XCSwiftPackageProductDependency;
			package = 45B636632F1BBB81000CA11F /* XCRemoteSwiftPackageReference "KeychainAccess" */;
			productName = KeychainAccess;
		};
		45CB4A2C2F1A92D2004CD2DF /* SwiftCloudDrive */ = {
			isa = XCSwiftPackageProductDependency;
			package = 45CB4A2B2F1A92D2004CD2DF /* XCRemoteSwiftPackageReference "SwiftCloudDrive" */;
			productName = SwiftCloudDrive;
		};
/* End XCSwiftPackageProductDependency section */
	};
	rootObject = CB84AFCC2F1A707D001CD6E1 /* Project object */;
}
